<?xml version="1.0" encoding="utf-8"?>
<Project ToolsVersion="4.0" xmlns="http://schemas.microsoft.com/developer/msbuild/2003">
  <ItemGroup>
    <ClCompile Include="gui.cpp">
      <Filter>Source Files\Gui</Filter>
    </ClCompile>
    <ClCompile Include="main.cpp">
      <Filter>Source Files</Filter>
    </ClCompile>
    <ClCompile Include="TdoubleList.cpp">
      <Filter>Source Files</Filter>
    </ClCompile>
    <ClCompile Include="ShuttingYardAlgorithm.cpp">
      <Filter>Source Files\Compute</Filter>
    </ClCompile>
    <ClCompile Include="myVector.cpp">
      <Filter>Source Files</Filter>
    </ClCompile>
  </ItemGroup>
  <ItemGroup>
    <Filter Include="Source Files">
      <UniqueIdentifier>{0e4879ad-94fd-48f4-aa8c-13b0e4fe779f}</UniqueIdentifier>
    </Filter>
    <Filter Include="Source Files\Gui">
      <UniqueIdentifier>{7ddef1b1-de7a-4f41-8ec1-58f5c3465d85}</UniqueIdentifier>
    </Filter>
    <Filter Include="Source Files\Compute">
      <UniqueIdentifier>{e3fe608d-f811-428e-9d3d-69a254fbbf5c}</UniqueIdentifier>
    </Filter>
    <Filter Include="Header Files">
      <UniqueIdentifier>{0ddcc098-25ad-4986-a840-546404f378f4}</UniqueIdentifier>
    </Filter>
  </ItemGroup>
  <ItemGroup>
    <ClInclude Include="gui.h">
      <Filter>Header Files</Filter>
    </ClInclude>
    <ClInclude Include="ShuttingYardAlgorithm.h">
      <Filter>Header Files</Filter>
    </ClInclude>
    <ClInclude Include="TdoubleList.h">
      <Filter>Header Files</Filter>
    </ClInclude>
  </ItemGroup>
</Project>